// !$*UTF8*$!
{
	archiveVersion = 1;
	classes = {
	};
	objectVersion = 50;
	objects = {

/* Begin PBXBuildFile section */
		30E775A3260EE2D300D90A3F /* AppDelegate.swift in Sources */ = {isa = PBXBuildFile; fileRef = 30E775A2260EE2D300D90A3F /* AppDelegate.swift */; };
		30E775A5260EE2D300D90A3F /* SceneDelegate.swift in Sources */ = {isa = PBXBuildFile; fileRef = 30E775A4260EE2D300D90A3F /* SceneDelegate.swift */; };
		30E775A7260EE2D300D90A3F /* ViewController.swift in Sources */ = {isa = PBXBuildFile; fileRef = 30E775A6260EE2D300D90A3F /* ViewController.swift */; };
		30E775AA260EE2D300D90A3F /* Main.storyboard in Resources */ = {isa = PBXBuildFile; fileRef = 30E775A8260EE2D300D90A3F /* Main.storyboard */; };
		30E775AC260EE2D600D90A3F /* Assets.xcassets in Resources */ = {isa = PBXBuildFile; fileRef = 30E775AB260EE2D600D90A3F /* Assets.xcassets */; };
		30E775AF260EE2D600D90A3F /* LaunchScreen.storyboard in Resources */ = {isa = PBXBuildFile; fileRef = 30E775AD260EE2D600D90A3F /* LaunchScreen.storyboard */; };
		9D70B44335A68F4868F64C8A /* Pods_TravisCI.framework in Frameworks */ = {isa = PBXBuildFile; fileRef = BD122122454D26AFA7CB4A8A /* Pods_TravisCI.framework */; };
/* End PBXBuildFile section */

/* Begin PBXFileReference section */
		30E7759F260EE2D300D90A3F /* TravisCI.app */ = {isa = PBXFileReference; explicitFileType = wrapper.application; includeInIndex = 0; path = TravisCI.app; sourceTree = BUILT_PRODUCTS_DIR; };
		30E775A2260EE2D300D90A3F /* AppDelegate.swift */ = {isa = PBXFileReference; lastKnownFileType = sourcecode.swift; path = AppDelegate.swift; sourceTree = "<group>"; };
		30E775A4260EE2D300D90A3F /* SceneDelegate.swift */ = {isa = PBXFileReference; lastKnownFileType = sourcecode.swift; path = SceneDelegate.swift; sourceTree = "<group>"; };
		30E775A6260EE2D300D90A3F /* ViewController.swift */ = {isa = PBXFileReference; lastKnownFileType = sourcecode.swift; path = ViewController.swift; sourceTree = "<group>"; };
		30E775A9260EE2D300D90A3F /* Base */ = {isa = PBXFileReference; lastKnownFileType = file.storyboard; name = Base; path = Base.lproj/Main.storyboard; sourceTree = "<group>"; };
		30E775AB260EE2D600D90A3F /* Assets.xcassets */ = {isa = PBXFileReference; lastKnownFileType = folder.assetcatalog; path = Assets.xcassets; sourceTree = "<group>"; };
		30E775AE260EE2D600D90A3F /* Base */ = {isa = PBXFileReference; lastKnownFileType = file.storyboard; name = Base; path = Base.lproj/LaunchScreen.storyboard; sourceTree = "<group>"; };
		30E775B0260EE2D600D90A3F /* Info.plist */ = {isa = PBXFileReference; lastKnownFileType = text.plist.xml; path = Info.plist; sourceTree = "<group>"; };
		52C3317971C96DD0DE32ED53 /* Pods-TravisCI.debug.xcconfig */ = {isa = PBXFileReference; includeInIndex = 1; lastKnownFileType = text.xcconfig; name = "Pods-TravisCI.debug.xcconfig"; path = "Target Support Files/Pods-TravisCI/Pods-TravisCI.debug.xcconfig"; sourceTree = "<group>"; };
		BD122122454D26AFA7CB4A8A /* Pods_TravisCI.framework */ = {isa = PBXFileReference; explicitFileType = wrapper.framework; includeInIndex = 0; path = Pods_TravisCI.framework; sourceTree = BUILT_PRODUCTS_DIR; };
		EF6AAC90785C9FBF905D9F48 /* Pods-TravisCI.release.xcconfig */ = {isa = PBXFileReference; includeInIndex = 1; lastKnownFileType = text.xcconfig; name = "Pods-TravisCI.release.xcconfig"; path = "Target Support Files/Pods-TravisCI/Pods-TravisCI.release.xcconfig"; sourceTree = "<group>"; };
/* End PBXFileReference section */

/* Begin PBXFrameworksBuildPhase section */
		30E7759C260EE2D300D90A3F /* Frameworks */ = {
			isa = PBXFrameworksBuildPhase;
			buildActionMask = 2147483647;
			files = (
				9D70B44335A68F4868F64C8A /* Pods_TravisCI.framework in Frameworks */,
			);
			runOnlyForDeploymentPostprocessing = 0;
		};
/* End PBXFrameworksBuildPhase section */

/* Begin PBXGroup section */
		30E77596260EE2D300D90A3F = {
			isa = PBXGroup;
			children = (
				30E775A1260EE2D300D90A3F /* TravisCI */,
				30E775A0260EE2D300D90A3F /* Products */,
				67CFE19A43B1D5AEDE5B9465 /* Pods */,
				69A56FFB52CE073E08CEFA73 /* Frameworks */,
			);
			sourceTree = "<group>";
		};
		30E775A0260EE2D300D90A3F /* Products */ = {
			isa = PBXGroup;
			children = (
				30E7759F260EE2D300D90A3F /* TravisCI.app */,
			);
			name = Products;
			sourceTree = "<group>";
		};
		30E775A1260EE2D300D90A3F /* TravisCI */ = {
			isa = PBXGroup;
			children = (
				30E775A2260EE2D300D90A3F /* AppDelegate.swift */,
				30E775A4260EE2D300D90A3F /* SceneDelegate.swift */,
				30E775A6260EE2D300D90A3F /* ViewController.swift */,
				30E775A8260EE2D300D90A3F /* Main.storyboard */,
				30E775AB260EE2D600D90A3F /* Assets.xcassets */,
				30E775AD260EE2D600D90A3F /* LaunchScreen.storyboard */,
				30E775B0260EE2D600D90A3F /* Info.plist */,
			);
			path = TravisCI;
			sourceTree = "<group>";
		};
		67CFE19A43B1D5AEDE5B9465 /* Pods */ = {
			isa = PBXGroup;
			children = (
				52C3317971C96DD0DE32ED53 /* Pods-TravisCI.debug.xcconfig */,
				EF6AAC90785C9FBF905D9F48 /* Pods-TravisCI.release.xcconfig */,
			);
			name = Pods;
			path = Pods;
			sourceTree = "<group>";
		};
		69A56FFB52CE073E08CEFA73 /* Frameworks */ = {
			isa = PBXGroup;
			children = (
				BD122122454D26AFA7CB4A8A /* Pods_TravisCI.framework */,
			);
			name = Frameworks;
			sourceTree = "<group>";
		};
/* End PBXGroup section */

/* Begin PBXNativeTarget section */
		30E7759E260EE2D300D90A3F /* TravisCI */ = {
			isa = PBXNativeTarget;
			buildConfigurationList = 30E775B3260EE2D600D90A3F /* Build configuration list for PBXNativeTarget "TravisCI" */;
			buildPhases = (
				ED0406D7766B50E2883A92D1 /* [CP] Check Pods Manifest.lock */,
				30E7759B260EE2D300D90A3F /* Sources */,
				30E7759C260EE2D300D90A3F /* Frameworks */,
				30E7759D260EE2D300D90A3F /* Resources */,
			);
			buildRules = (
			);
			dependencies = (
			);
			name = TravisCI;
			productName = TravisCI;
			productReference = 30E7759F260EE2D300D90A3F /* TravisCI.app */;
			productType = "com.apple.product-type.application";
		};
/* End PBXNativeTarget section */

/* Begin PBXProject section */
		30E77597260EE2D300D90A3F /* Project object */ = {
			isa = PBXProject;
			attributes = {
				LastSwiftUpdateCheck = 1230;
				LastUpgradeCheck = 1230;
				TargetAttributes = {
					30E7759E260EE2D300D90A3F = {
						CreatedOnToolsVersion = 12.3;
					};
				};
			};
			buildConfigurationList = 30E7759A260EE2D300D90A3F /* Build configuration list for PBXProject "TravisCI" */;
			compatibilityVersion = "Xcode 9.3";
			developmentRegion = en;
			hasScannedForEncodings = 0;
			knownRegions = (
				en,
				Base,
			);
			mainGroup = 30E77596260EE2D300D90A3F;
			productRefGroup = 30E775A0260EE2D300D90A3F /* Products */;
			projectDirPath = "";
			projectRoot = "";
			targets = (
				30E7759E260EE2D300D90A3F /* TravisCI */,
			);
		};
/* End PBXProject section */

/* Begin PBXResourcesBuildPhase section */
		30E7759D260EE2D300D90A3F /* Resources */ = {
			isa = PBXResourcesBuildPhase;
			buildActionMask = 2147483647;
			files = (
				30E775AF260EE2D600D90A3F /* LaunchScreen.storyboard in Resources */,
				30E775AC260EE2D600D90A3F /* Assets.xcassets in Resources */,
				30E775AA260EE2D300D90A3F /* Main.storyboard in Resources */,
			);
			runOnlyForDeploymentPostprocessing = 0;
		};
/* End PBXResourcesBuildPhase section */

/* Begin PBXShellScriptBuildPhase section */
		ED0406D7766B50E2883A92D1 /* [CP] Check Pods Manifest.lock */ = {
			isa = PBXShellScriptBuildPhase;
			buildActionMask = 2147483647;
			files = (
			);
			inputFileListPaths = (
			);
			inputPaths = (
				"${PODS_PODFILE_DIR_PATH}/Podfile.lock",
				"${PODS_ROOT}/Manifest.lock",
			);
			name = "[CP] Check Pods Manifest.lock";
			outputFileListPaths = (
			);
			outputPaths = (
				"$(DERIVED_FILE_DIR)/Pods-TravisCI-checkManifestLockResult.txt",
			);
			runOnlyForDeploymentPostprocessing = 0;
			shellPath = /bin/sh;
			shellScript = "diff \"${PODS_PODFILE_DIR_PATH}/Podfile.lock\" \"${PODS_ROOT}/Manifest.lock\" > /dev/null\nif [ $? != 0 ] ; then\n    # print error to STDERR\n    echo \"error: The sandbox is not in sync with the Podfile.lock. Run 'pod install' or update your CocoaPods installation.\" >&2\n    exit 1\nfi\n# This output is used by Xcode 'outputs' to avoid re-running this script phase.\necho \"SUCCESS\" > \"${SCRIPT_OUTPUT_FILE_0}\"\n";
			showEnvVarsInLog = 0;
		};
/* End PBXShellScriptBuildPhase section */

/* Begin PBXSourcesBuildPhase section */
		30E7759B260EE2D300D90A3F /* Sources */ = {
			isa = PBXSourcesBuildPhase;
			buildActionMask = 2147483647;
			files = (
				30E775A7260EE2D300D90A3F /* ViewController.swift in Sources */,
				30E775A3260EE2D300D90A3F /* AppDelegate.swift in Sources */,
				30E775A5260EE2D300D90A3F /* SceneDelegate.swift in Sources */,
			);
			runOnlyForDeploymentPostprocessing = 0;
		};
/* End PBXSourcesBuildPhase section */

/* Begin PBXVariantGroup section */
		30E775A8260EE2D300D90A3F /* Main.storyboard */ = {
			isa = PBXVariantGroup;
			children = (
				30E775A9260EE2D300D90A3F /* Base */,
			);
			name = Main.storyboard;
			sourceTree = "<group>";
		};
		30E775AD260EE2D600D90A3F /* LaunchScreen.storyboard */ = {
			isa = PBXVariantGroup;
			children = (
				30E775AE260EE2D600D90A3F /* Base */,
			);
			name = LaunchScreen.storyboard;
			sourceTree = "<group>";
		};
/* End PBXVariantGroup section */

/* Begin XCBuildConfiguration section */
		30E775B1260EE2D600D90A3F /* Debug */ = {
			isa = XCBuildConfiguration;
			buildSettings = {
				ALWAYS_SEARCH_USER_PATHS = NO;
				CLANG_ANALYZER_NONNULL = YES;
				CLANG_ANALYZER_NUMBER_OBJECT_CONVERSION = YES_AGGRESSIVE;
				CLANG_CXX_LANGUAGE_STANDARD = "gnu++14";
				CLANG_CXX_LIBRARY = "libc++";
				CLANG_ENABLE_MODULES = YES;
				CLANG_ENABLE_OBJC_ARC = YES;
				CLANG_ENABLE_OBJC_WEAK = YES;
				CLANG_WARN_BLOCK_CAPTURE_AUTORELEASING = YES;
				CLANG_WARN_BOOL_CONVERSION = YES;
				CLANG_WARN_COMMA = YES;
				CLANG_WARN_CONSTANT_CONVERSION = YES;
				CLANG_WARN_DEPRECATED_OBJC_IMPLEMENTATIONS = YES;
				CLANG_WARN_DIRECT_OBJC_ISA_USAGE = YES_ERROR;
				CLANG_WARN_DOCUMENTATION_COMMENTS = YES;
				CLANG_WARN_EMPTY_BODY = YES;
				CLANG_WARN_ENUM_CONVERSION = YES;
				CLANG_WARN_INFINITE_RECURSION = YES;
				CLANG_WARN_INT_CONVERSION = YES;
				CLANG_WARN_NON_LITERAL_NULL_CONVERSION = YES;
				CLANG_WARN_OBJC_IMPLICIT_RETAIN_SELF = YES;
				CLANG_WARN_OBJC_LITERAL_CONVERSION = YES;
				CLANG_WARN_OBJC_ROOT_CLASS = YES_ERROR;
				CLANG_WARN_QUOTED_INCLUDE_IN_FRAMEWORK_HEADER = YES;
				CLANG_WARN_RANGE_LOOP_ANALYSIS = YES;
				CLANG_WARN_STRICT_PROTOTYPES = YES;
				CLANG_WARN_SUSPICIOUS_MOVE = YES;
				CLANG_WARN_UNGUARDED_AVAILABILITY = YES_AGGRESSIVE;
				CLANG_WARN_UNREACHABLE_CODE = YES;
				CLANG_WARN__DUPLICATE_METHOD_MATCH = YES;
				COPY_PHASE_STRIP = NO;
				DEBUG_INFORMATION_FORMAT = dwarf;
				ENABLE_STRICT_OBJC_MSGSEND = YES;
				ENABLE_TESTABILITY = YES;
				GCC_C_LANGUAGE_STANDARD = gnu11;
				GCC_DYNAMIC_NO_PIC = NO;
				GCC_NO_COMMON_BLOCKS = YES;
				GCC_OPTIMIZATION_LEVEL = 0;
				GCC_PREPROCESSOR_DEFINITIONS = (
					"DEBUG=1",
					"$(inherited)",
				);
				GCC_WARN_64_TO_32_BIT_CONVERSION = YES;
				GCC_WARN_ABOUT_RETURN_TYPE = YES_ERROR;
				GCC_WARN_UNDECLARED_SELECTOR = YES;
				GCC_WARN_UNINITIALIZED_AUTOS = YES_AGGRESSIVE;
				GCC_WARN_UNUSED_FUNCTION = YES;
				GCC_WARN_UNUSED_VARIABLE = YES;
				IPHONEOS_DEPLOYMENT_TARGET = 14.3;
				MTL_ENABLE_DEBUG_INFO = INCLUDE_SOURCE;
				MTL_FAST_MATH = YES;
				ONLY_ACTIVE_ARCH = YES;
				SDKROOT = iphoneos;
				SWIFT_ACTIVE_COMPILATION_CONDITIONS = DEBUG;
				SWIFT_OPTIMIZATION_LEVEL = "-Onone";
			};
			name = Debug;
		};
		30E775B2260EE2D600D90A3F /* Release */ = {
			isa = XCBuildConfiguration;
			buildSettings = {
				ALWAYS_SEARCH_USER_PATHS = NO;
				CLANG_ANALYZER_NONNULL = YES;
				CLANG_ANALYZER_NUMBER_OBJECT_CONVERSION = YES_AGGRESSIVE;
				CLANG_CXX_LANGUAGE_STANDARD = "gnu++14";
				CLANG_CXX_LIBRARY = "libc++";
				CLANG_ENABLE_MODULES = YES;
				CLANG_ENABLE_OBJC_ARC = YES;
				CLANG_ENABLE_OBJC_WEAK = YES;
				CLANG_WARN_BLOCK_CAPTURE_AUTORELEASING = YES;
				CLANG_WARN_BOOL_CONVERSION = YES;
				CLANG_WARN_COMMA = YES;
				CLANG_WARN_CONSTANT_CONVERSION = YES;
				CLANG_WARN_DEPRECATED_OBJC_IMPLEMENTATIONS = YES;
				CLANG_WARN_DIRECT_OBJC_ISA_USAGE = YES_ERROR;
				CLANG_WARN_DOCUMENTATION_COMMENTS = YES;
				CLANG_WARN_EMPTY_BODY = YES;
				CLANG_WARN_ENUM_CONVERSION = YES;
				CLANG_WARN_INFINITE_RECURSION = YES;
				CLANG_WARN_INT_CONVERSION = YES;
				CLANG_WARN_NON_LITERAL_NULL_CONVERSION = YES;
				CLANG_WARN_OBJC_IMPLICIT_RETAIN_SELF = YES;
				CLANG_WARN_OBJC_LITERAL_CONVERSION = YES;
				CLANG_WARN_OBJC_ROOT_CLASS = YES_ERROR;
				CLANG_WARN_QUOTED_INCLUDE_IN_FRAMEWORK_HEADER = YES;
				CLANG_WARN_RANGE_LOOP_ANALYSIS = YES;
				CLANG_WARN_STRICT_PROTOTYPES = YES;
				CLANG_WARN_SUSPICIOUS_MOVE = YES;
				CLANG_WARN_UNGUARDED_AVAILABILITY = YES_AGGRESSIVE;
				CLANG_WARN_UNREACHABLE_CODE = YES;
				CLANG_WARN__DUPLICATE_METHOD_MATCH = YES;
				COPY_PHASE_STRIP = NO;
				DEBUG_INFORMATION_FORMAT = "dwarf-with-dsym";
				ENABLE_NS_ASSERTIONS = NO;
				ENABLE_STRICT_OBJC_MSGSEND = YES;
				GCC_C_LANGUAGE_STANDARD = gnu11;
				GCC_NO_COMMON_BLOCKS = YES;
				GCC_WARN_64_TO_32_BIT_CONVERSION = YES;
				GCC_WARN_ABOUT_RETURN_TYPE = YES_ERROR;
				GCC_WARN_UNDECLARED_SELECTOR = YES;
				GCC_WARN_UNINITIALIZED_AUTOS = YES_AGGRESSIVE;
				GCC_WARN_UNUSED_FUNCTION = YES;
				GCC_WARN_UNUSED_VARIABLE = YES;
				IPHONEOS_DEPLOYMENT_TARGET = 14.3;
				MTL_ENABLE_DEBUG_INFO = NO;
				MTL_FAST_MATH = YES;
				SDKROOT = iphoneos;
				SWIFT_COMPILATION_MODE = wholemodule;
				SWIFT_OPTIMIZATION_LEVEL = "-O";
				VALIDATE_PRODUCT = YES;
			};
			name = Release;
		};
		30E775B4260EE2D600D90A3F /* Debug */ = {
			isa = XCBuildConfiguration;
			baseConfigurationReference = 52C3317971C96DD0DE32ED53 /* Pods-TravisCI.debug.xcconfig */;
			buildSettings = {
				ASSETCATALOG_COMPILER_APPICON_NAME = AppIcon;
				ASSETCATALOG_COMPILER_GLOBAL_ACCENT_COLOR_NAME = AccentColor;
				CODE_SIGN_STYLE = Automatic;
				DEVELOPMENT_TEAM = PAHBYMSL7Y;
				INFOPLIST_FILE = TravisCI/Info.plist;
				LD_RUNPATH_SEARCH_PATHS = (
					"$(inherited)",
					"@executable_path/Frameworks",
				);
				PRODUCT_BUNDLE_IDENTIFIER = com.duongnt.TravisCI;
				PRODUCT_NAME = "$(TARGET_NAME)";
				SWIFT_VERSION = 5.0;
				TARGETED_DEVICE_FAMILY = "1,2";
			};
			name = Debug;
		};
		30E775B5260EE2D600D90A3F /* Release */ = {
			isa = XCBuildConfiguration;
			baseConfigurationReference = EF6AAC90785C9FBF905D9F48 /* Pods-TravisCI.release.xcconfig */;
			buildSettings = {
				ASSETCATALOG_COMPILER_APPICON_NAME = AppIcon;
				ASSETCATALOG_COMPILER_GLOBAL_ACCENT_COLOR_NAME = AccentColor;
				CODE_SIGN_STYLE = Automatic;
				DEVELOPMENT_TEAM = PAHBYMSL7Y;
				INFOPLIST_FILE = TravisCI/Info.plist;
				LD_RUNPATH_SEARCH_PATHS = (
					"$(inherited)",
					"@executable_path/Frameworks",
				);
				PRODUCT_BUNDLE_IDENTIFIER = com.duongnt.TravisCI;
				PRODUCT_NAME = "$(TARGET_NAME)";
				SWIFT_VERSION = 5.0;
				TARGETED_DEVICE_FAMILY = "1,2";
			};
			name = Release;
		};
/* End XCBuildConfiguration section */

/* Begin XCConfigurationList section */
		30E7759A260EE2D300D90A3F /* Build configuration list for PBXProject "TravisCI" */ = {
			isa = XCConfigurationList;
			buildConfigurations = (
				30E775B1260EE2D600D90A3F /* Debug */,
				30E775B2260EE2D600D90A3F /* Release */,
			);
			defaultConfigurationIsVisible = 0;
			defaultConfigurationName = Release;
		};
		30E775B3260EE2D600D90A3F /* Build configuration list for PBXNativeTarget "TravisCI" */ = {
			isa = XCConfigurationList;
			buildConfigurations = (
				30E775B4260EE2D600D90A3F /* Debug */,
				30E775B5260EE2D600D90A3F /* Release */,
			);
			defaultConfigurationIsVisible = 0;
			defaultConfigurationName = Release;
		};
/* End XCConfigurationList section */
	};
	rootObject = 30E77597260EE2D300D90A3F /* Project object */;
}
